{
  "name": "make-model",
  "version": "0.0.1",
  "lockfileVersion": 1,
  "dependencies": {
    "ansi-styles": {
      "version": "3.1.0",
      "resolved": "http://registry.npm.taobao.org/ansi-styles/download/ansi-styles-3.1.0.tgz",
      "integrity": "sha1-CcIC1ckX7CMYjKpcnLkXnNlUd1A="
    },
    "babylon": {
      "version": "6.17.4",
      "resolved": "http://registry.npm.taobao.org/babylon/download/babylon-6.17.4.tgz",
      "integrity": "sha1-Pot0AriNIsNCPhN6FXeIOxX/hpo="
    },
    "chalk": {
      "version": "2.0.1",
      "resolved": "http://registry.npm.taobao.org/chalk/download/chalk-2.0.1.tgz",
      "integrity": "sha1-2+xJQ20q4V9TYRTnbRRlbNvA9E0="
    },
    "color-convert": {
      "version": "1.9.0",
      "resolved": "http://registry.npm.taobao.org/color-convert/download/color-convert-1.9.0.tgz",
      "integrity": "sha1-Gsz5fdc5uYO/mU1W/sj5WFNkG3o="
    },
    "color-name": {
      "version": "1.1.2",
      "resolved": "http://registry.npm.taobao.org/color-name/download/color-name-1.1.2.tgz",
      "integrity": "sha1-XIq3K2S9IhXWF66VWeuxSEdc+Y0="
    },
    "escape-string-regexp": {
      "version": "1.0.5",
      "resolved": "http://registry.npm.taobao.org/escape-string-regexp/download/escape-string-regexp-1.0.5.tgz",
      "integrity": "sha1-G2HAViGQqN/2rjuyzwIAyhMLhtQ="
    },
    "has-flag": {
      "version": "2.0.0",
      "resolved": "http://registry.npm.taobao.org/has-flag/download/has-flag-2.0.0.tgz",
      "integrity": "sha1-6CB68cx7MNRGzHC3NLXovhj4jVE="
    },
    "lodash": {
      "version": "4.17.4",
      "resolved": "http://10.16.0.51:7001/lodash/download/lodash-4.17.4.tgz",
      "integrity": "sha1-eCA6TRwyiuHYbcpkYONptX9AVa4="
    },
    "minimist": {
      "version": "1.2.0",
      "resolved": "http://registry.npm.taobao.org/minimist/download/minimist-1.2.0.tgz",
      "integrity": "sha1-o1AIsg9BOD7sH7kU9M1d95omQoQ="
    },
    "supports-color": {
      "version": "4.1.0",
      "resolved": "http://registry.npm.taobao.org/supports-color/download/supports-color-4.1.0.tgz",
      "integrity": "sha1-kswUuz2tiSjKVlbDPhmhnyCvXHo="
    }
  }
}
